
Microsoft Visual Studio Solution File, Format Version 12.00
# Visual Studio 14
VisualStudioVersion = 14.0.25420.1
MinimumVisualStudioVersion = 10.0.40219.1
Project("{2150E333-8FDC-42A3-9474-1A3956D46DE8}") = "Engine", "Engine", "{25396F9F-69B6-43C3-8B5B-F5FBA8F991E5}"
EndProject
Project("{2150E333-8FDC-42A3-9474-1A3956D46DE8}") = "Games", "Games", "{76E1C993-1A25-4EF5-BA90-51BF578DC04B}"
EndProject
Project("{8BC9CEB8-8B4A-11D0-8D11-00A0C91BC942}") = "UE4", "Intermediate\ProjectFiles\UE4.vcxproj", "{D9EC98C1-A680-410E-92B4-D8FA244FEF49}"
EndProject
Project("{8BC9CEB8-8B4A-11D0-8D11-00A0C91BC942}") = "BuildingEscape", "Intermediate\ProjectFiles\BuildingEscape.vcxproj", "{CC46F6FB-465F-4756-92AC-DB96B0C7DBDC}"
EndProject
Global
	GlobalSection(SolutionConfigurationPlatforms) = preSolution
		DebugGame Editor|HTML5 = DebugGame Editor|HTML5
		DebugGame Editor|Win32 = DebugGame Editor|Win32
		DebugGame Editor|Win64 = DebugGame Editor|Win64
		DebugGame|HTML5 = DebugGame|HTML5
		DebugGame|Win32 = DebugGame|Win32
		DebugGame|Win64 = DebugGame|Win64
		Development Editor|HTML5 = Development Editor|HTML5
		Development Editor|Win32 = Development Editor|Win32
		Development Editor|Win64 = Development Editor|Win64
		Development|HTML5 = Development|HTML5
		Development|Win32 = Development|Win32
		Development|Win64 = Development|Win64
		Shipping|HTML5 = Shipping|HTML5
		Shipping|Win32 = Shipping|Win32
		Shipping|Win64 = Shipping|Win64
	EndGlobalSection
	GlobalSection(ProjectConfigurationPlatforms) = postSolution
		{D9EC98C1-A680-410E-92B4-D8FA244FEF49}.DebugGame Editor|HTML5.ActiveCfg = BuiltWithUnrealBuildTool|Win32
		{D9EC98C1-A680-410E-92B4-D8FA244FEF49}.DebugGame Editor|HTML5.Build.0 = BuiltWithUnrealBuildTool|Win32
		{D9EC98C1-A680-410E-92B4-D8FA244FEF49}.DebugGame Editor|Win32.ActiveCfg = BuiltWithUnrealBuildTool|Win32
		{D9EC98C1-A680-410E-92B4-D8FA244FEF49}.DebugGame Editor|Win32.Build.0 = BuiltWithUnrealBuildTool|Win32
		{D9EC98C1-A680-410E-92B4-D8FA244FEF49}.DebugGame Editor|Win64.ActiveCfg = BuiltWithUnrealBuildTool|Win32
		{D9EC98C1-A680-410E-92B4-D8FA244FEF49}.DebugGame Editor|Win64.Build.0 = BuiltWithUnrealBuildTool|Win32
		{D9EC98C1-A680-410E-92B4-D8FA244FEF49}.DebugGame|HTML5.ActiveCfg = BuiltWithUnrealBuildTool|Win32
		{D9EC98C1-A680-410E-92B4-D8FA244FEF49}.DebugGame|HTML5.Build.0 = BuiltWithUnrealBuildTool|Win32
		{D9EC98C1-A680-410E-92B4-D8FA244FEF49}.DebugGame|Win32.ActiveCfg = BuiltWithUnrealBuildTool|Win32
		{D9EC98C1-A680-410E-92B4-D8FA244FEF49}.DebugGame|Win32.Build.0 = BuiltWithUnrealBuildTool|Win32
		{D9EC98C1-A680-410E-92B4-D8FA244FEF49}.DebugGame|Win64.ActiveCfg = BuiltWithUnrealBuildTool|Win32
		{D9EC98C1-A680-410E-92B4-D8FA244FEF49}.DebugGame|Win64.Build.0 = BuiltWithUnrealBuildTool|Win32
		{D9EC98C1-A680-410E-92B4-D8FA244FEF49}.Development Editor|HTML5.ActiveCfg = BuiltWithUnrealBuildTool|Win32
		{D9EC98C1-A680-410E-92B4-D8FA244FEF49}.Development Editor|HTML5.Build.0 = BuiltWithUnrealBuildTool|Win32
		{D9EC98C1-A680-410E-92B4-D8FA244FEF49}.Development Editor|Win32.ActiveCfg = BuiltWithUnrealBuildTool|Win32
		{D9EC98C1-A680-410E-92B4-D8FA244FEF49}.Development Editor|Win32.Build.0 = BuiltWithUnrealBuildTool|Win32
		{D9EC98C1-A680-410E-92B4-D8FA244FEF49}.Development Editor|Win64.ActiveCfg = BuiltWithUnrealBuildTool|Win32
		{D9EC98C1-A680-410E-92B4-D8FA244FEF49}.Development Editor|Win64.Build.0 = BuiltWithUnrealBuildTool|Win32
		{D9EC98C1-A680-410E-92B4-D8FA244FEF49}.Development|HTML5.ActiveCfg = BuiltWithUnrealBuildTool|Win32
		{D9EC98C1-A680-410E-92B4-D8FA244FEF49}.Development|HTML5.Build.0 = BuiltWithUnrealBuildTool|Win32
		{D9EC98C1-A680-410E-92B4-D8FA244FEF49}.Development|Win32.ActiveCfg = BuiltWithUnrealBuildTool|Win32
		{D9EC98C1-A680-410E-92B4-D8FA244FEF49}.Development|Win32.Build.0 = BuiltWithUnrealBuildTool|Win32
		{D9EC98C1-A680-410E-92B4-D8FA244FEF49}.Development|Win64.ActiveCfg = BuiltWithUnrealBuildTool|Win32
		{D9EC98C1-A680-410E-92B4-D8FA244FEF49}.Development|Win64.Build.0 = BuiltWithUnrealBuildTool|Win32
		{D9EC98C1-A680-410E-92B4-D8FA244FEF49}.Shipping|HTML5.ActiveCfg = BuiltWithUnrealBuildTool|Win32
		{D9EC98C1-A680-410E-92B4-D8FA244FEF49}.Shipping|HTML5.Build.0 = BuiltWithUnrealBuildTool|Win32
		{D9EC98C1-A680-410E-92B4-D8FA244FEF49}.Shipping|Win32.ActiveCfg = BuiltWithUnrealBuildTool|Win32
		{D9EC98C1-A680-410E-92B4-D8FA244FEF49}.Shipping|Win32.Build.0 = BuiltWithUnrealBuildTool|Win32
		{D9EC98C1-A680-410E-92B4-D8FA244FEF49}.Shipping|Win64.ActiveCfg = BuiltWithUnrealBuildTool|Win32
		{D9EC98C1-A680-410E-92B4-D8FA244FEF49}.Shipping|Win64.Build.0 = BuiltWithUnrealBuildTool|Win32
		{CC46F6FB-465F-4756-92AC-DB96B0C7DBDC}.DebugGame Editor|HTML5.ActiveCfg = HTML5_DebugGame_Editor|Win32
		{CC46F6FB-465F-4756-92AC-DB96B0C7DBDC}.DebugGame Editor|Win32.ActiveCfg = DebugGame_Editor|Win32
		{CC46F6FB-465F-4756-92AC-DB96B0C7DBDC}.DebugGame Editor|Win64.ActiveCfg = DebugGame_Editor|x64
		{CC46F6FB-465F-4756-92AC-DB96B0C7DBDC}.DebugGame Editor|Win64.Build.0 = DebugGame_Editor|x64
		{CC46F6FB-465F-4756-92AC-DB96B0C7DBDC}.DebugGame|HTML5.ActiveCfg = HTML5_DebugGame_Game|Win32
		{CC46F6FB-465F-4756-92AC-DB96B0C7DBDC}.DebugGame|HTML5.Build.0 = HTML5_DebugGame_Game|Win32
		{CC46F6FB-465F-4756-92AC-DB96B0C7DBDC}.DebugGame|Win32.ActiveCfg = DebugGame_Game|Win32
		{CC46F6FB-465F-4756-92AC-DB96B0C7DBDC}.DebugGame|Win32.Build.0 = DebugGame_Game|Win32
		{CC46F6FB-465F-4756-92AC-DB96B0C7DBDC}.DebugGame|Win64.ActiveCfg = DebugGame_Game|x64
		{CC46F6FB-465F-4756-92AC-DB96B0C7DBDC}.DebugGame|Win64.Build.0 = DebugGame_Game|x64
		{CC46F6FB-465F-4756-92AC-DB96B0C7DBDC}.Development Editor|HTML5.ActiveCfg = HTML5_Development_Editor|Win32
		{CC46F6FB-465F-4756-92AC-DB96B0C7DBDC}.Development Editor|Win32.ActiveCfg = Development_Editor|Win32
		{CC46F6FB-465F-4756-92AC-DB96B0C7DBDC}.Development Editor|Win64.ActiveCfg = Development_Editor|x64
		{CC46F6FB-465F-4756-92AC-DB96B0C7DBDC}.Development Editor|Win64.Build.0 = Development_Editor|x64
		{CC46F6FB-465F-4756-92AC-DB96B0C7DBDC}.Development|HTML5.ActiveCfg = HTML5_Development_Game|Win32
		{CC46F6FB-465F-4756-92AC-DB96B0C7DBDC}.Development|HTML5.Build.0 = HTML5_Development_Game|Win32
		{CC46F6FB-465F-4756-92AC-DB96B0C7DBDC}.Development|Win32.ActiveCfg = Development_Game|Win32
		{CC46F6FB-465F-4756-92AC-DB96B0C7DBDC}.Development|Win32.Build.0 = Development_Game|Win32
		{CC46F6FB-465F-4756-92AC-DB96B0C7DBDC}.Development|Win64.ActiveCfg = Development_Game|x64
		{CC46F6FB-465F-4756-92AC-DB96B0C7DBDC}.Development|Win64.Build.0 = Development_Game|x64
		{CC46F6FB-465F-4756-92AC-DB96B0C7DBDC}.Shipping|HTML5.ActiveCfg = HTML5_Shipping_Game|Win32
		{CC46F6FB-465F-4756-92AC-DB96B0C7DBDC}.Shipping|HTML5.Build.0 = HTML5_Shipping_Game|Win32
		{CC46F6FB-465F-4756-92AC-DB96B0C7DBDC}.Shipping|Win32.ActiveCfg = Shipping_Game|Win32
		{CC46F6FB-465F-4756-92AC-DB96B0C7DBDC}.Shipping|Win32.Build.0 = Shipping_Game|Win32
		{CC46F6FB-465F-4756-92AC-DB96B0C7DBDC}.Shipping|Win64.ActiveCfg = Shipping_Game|x64
		{CC46F6FB-465F-4756-92AC-DB96B0C7DBDC}.Shipping|Win64.Build.0 = Shipping_Game|x64
	EndGlobalSection
	GlobalSection(SolutionProperties) = preSolution
		HideSolutionNode = FALSE
	EndGlobalSection
	GlobalSection(NestedProjects) = preSolution
		{D9EC98C1-A680-410E-92B4-D8FA244FEF49} = {25396F9F-69B6-43C3-8B5B-F5FBA8F991E5}
		{CC46F6FB-465F-4756-92AC-DB96B0C7DBDC} = {76E1C993-1A25-4EF5-BA90-51BF578DC04B}
	EndGlobalSection
EndGlobal
